// !$*UTF8*$!
{
	archiveVersion = 1;
	classes = {
	};
	objectVersion = 56;
	objects = {

/* Begin PBXBuildFile section */
		478AA2262975B58200679BCE /* TodoApp.swift in Sources */ = {isa = PBXBuildFile; fileRef = 478AA2252975B58200679BCE /* TodoApp.swift */; };
		478AA2282975B58200679BCE /* ContentView.swift in Sources */ = {isa = PBXBuildFile; fileRef = 478AA2272975B58200679BCE /* ContentView.swift */; };
		478AA22A2975B58300679BCE /* Assets.xcassets in Resources */ = {isa = PBXBuildFile; fileRef = 478AA2292975B58300679BCE /* Assets.xcassets */; };
		478AA22D2975B58300679BCE /* Preview Assets.xcassets in Resources */ = {isa = PBXBuildFile; fileRef = 478AA22C2975B58300679BCE /* Preview Assets.xcassets */; };
		478AA22F2975B58300679BCE /* Persistence.swift in Sources */ = {isa = PBXBuildFile; fileRef = 478AA22E2975B58300679BCE /* Persistence.swift */; };
		478AA2322975B58300679BCE /* Todo.xcdatamodeld in Sources */ = {isa = PBXBuildFile; fileRef = 478AA2302975B58300679BCE /* Todo.xcdatamodeld */; };
		478AA23B2975B66600679BCE /* AddTodoView.swift in Sources */ = {isa = PBXBuildFile; fileRef = 478AA23A2975B66600679BCE /* AddTodoView.swift */; };
		47D2C82029781EE100DC3526 /* Icons.sketch in Resources */ = {isa = PBXBuildFile; fileRef = 47D2C81629781EE100DC3526 /* Icons.sketch */; };
		47D2C82129781EE100DC3526 /* Blue Light.png in Resources */ = {isa = PBXBuildFile; fileRef = 47D2C81729781EE100DC3526 /* Blue Light.png */; };
		47D2C82229781EE100DC3526 /* Green.png in Resources */ = {isa = PBXBuildFile; fileRef = 47D2C81829781EE100DC3526 /* Green.png */; };
		47D2C82329781EE100DC3526 /* Green Dark.png in Resources */ = {isa = PBXBuildFile; fileRef = 47D2C81929781EE100DC3526 /* Green Dark.png */; };
		47D2C82429781EE100DC3526 /* Pink Light.png in Resources */ = {isa = PBXBuildFile; fileRef = 47D2C81A29781EE100DC3526 /* Pink Light.png */; };
		47D2C82529781EE100DC3526 /* Green Light.png in Resources */ = {isa = PBXBuildFile; fileRef = 47D2C81B29781EE100DC3526 /* Green Light.png */; };
		47D2C82629781EE100DC3526 /* Pink.png in Resources */ = {isa = PBXBuildFile; fileRef = 47D2C81C29781EE100DC3526 /* Pink.png */; };
		47D2C82729781EE100DC3526 /* Blue Dark.png in Resources */ = {isa = PBXBuildFile; fileRef = 47D2C81D29781EE100DC3526 /* Blue Dark.png */; };
		47D2C82829781EE100DC3526 /* Blue.png in Resources */ = {isa = PBXBuildFile; fileRef = 47D2C81E29781EE100DC3526 /* Blue.png */; };
		47D2C82929781EE100DC3526 /* Pink Dark.png in Resources */ = {isa = PBXBuildFile; fileRef = 47D2C81F29781EE100DC3526 /* Pink Dark.png */; };
		47D2C82C297820D800DC3526 /* ThemeModel.swift in Sources */ = {isa = PBXBuildFile; fileRef = 47D2C82B297820D800DC3526 /* ThemeModel.swift */; };
		47D2C82E2978211000DC3526 /* ThemeData.swift in Sources */ = {isa = PBXBuildFile; fileRef = 47D2C82D2978211000DC3526 /* ThemeData.swift */; };
		47D2C8302978214A00DC3526 /* ThemeSettings.swift in Sources */ = {isa = PBXBuildFile; fileRef = 47D2C82F2978214A00DC3526 /* ThemeSettings.swift */; };
		47D7BCB92977035800950678 /* EmptyListView.swift in Sources */ = {isa = PBXBuildFile; fileRef = 47D7BCB82977035800950678 /* EmptyListView.swift */; };
		47D7BCBB29770FA800950678 /* SettingsView.swift in Sources */ = {isa = PBXBuildFile; fileRef = 47D7BCBA29770FA800950678 /* SettingsView.swift */; };
		47D7BCBD2977111E00950678 /* FormRowStaticView.swift in Sources */ = {isa = PBXBuildFile; fileRef = 47D7BCBC2977111E00950678 /* FormRowStaticView.swift */; };
		47D7BCBF2977127D00950678 /* FormRowLinkView.swift in Sources */ = {isa = PBXBuildFile; fileRef = 47D7BCBE2977127D00950678 /* FormRowLinkView.swift */; };
/* End PBXBuildFile section */

/* Begin PBXFileReference section */
		478AA2222975B58200679BCE /* Todo.app */ = {isa = PBXFileReference; explicitFileType = wrapper.application; includeInIndex = 0; path = Todo.app; sourceTree = BUILT_PRODUCTS_DIR; };
		478AA2252975B58200679BCE /* TodoApp.swift */ = {isa = PBXFileReference; lastKnownFileType = sourcecode.swift; path = TodoApp.swift; sourceTree = "<group>"; };
		478AA2272975B58200679BCE /* ContentView.swift */ = {isa = PBXFileReference; lastKnownFileType = sourcecode.swift; path = ContentView.swift; sourceTree = "<group>"; };
		478AA2292975B58300679BCE /* Assets.xcassets */ = {isa = PBXFileReference; lastKnownFileType = folder.assetcatalog; path = Assets.xcassets; sourceTree = "<group>"; };
		478AA22C2975B58300679BCE /* Preview Assets.xcassets */ = {isa = PBXFileReference; lastKnownFileType = folder.assetcatalog; path = "Preview Assets.xcassets"; sourceTree = "<group>"; };
		478AA22E2975B58300679BCE /* Persistence.swift */ = {isa = PBXFileReference; lastKnownFileType = sourcecode.swift; path = Persistence.swift; sourceTree = "<group>"; };
		478AA2312975B58300679BCE /* Todo.xcdatamodel */ = {isa = PBXFileReference; lastKnownFileType = wrapper.xcdatamodel; path = Todo.xcdatamodel; sourceTree = "<group>"; };
		478AA2382975B5E200679BCE /* Info.plist */ = {isa = PBXFileReference; lastKnownFileType = text.plist; path = Info.plist; sourceTree = "<group>"; };
		478AA23A2975B66600679BCE /* AddTodoView.swift */ = {isa = PBXFileReference; lastKnownFileType = sourcecode.swift; path = AddTodoView.swift; sourceTree = "<group>"; };
		47D2C81629781EE100DC3526 /* Icons.sketch */ = {isa = PBXFileReference; lastKnownFileType = file; path = Icons.sketch; sourceTree = "<group>"; };
		47D2C81729781EE100DC3526 /* Blue Light.png */ = {isa = PBXFileReference; lastKnownFileType = image.png; path = "Blue Light.png"; sourceTree = "<group>"; };
		47D2C81829781EE100DC3526 /* Green.png */ = {isa = PBXFileReference; lastKnownFileType = image.png; path = Green.png; sourceTree = "<group>"; };
		47D2C81929781EE100DC3526 /* Green Dark.png */ = {isa = PBXFileReference; lastKnownFileType = image.png; path = "Green Dark.png"; sourceTree = "<group>"; };
		47D2C81A29781EE100DC3526 /* Pink Light.png */ = {isa = PBXFileReference; lastKnownFileType = image.png; path = "Pink Light.png"; sourceTree = "<group>"; };
		47D2C81B29781EE100DC3526 /* Green Light.png */ = {isa = PBXFileReference; lastKnownFileType = image.png; path = "Green Light.png"; sourceTree = "<group>"; };
		47D2C81C29781EE100DC3526 /* Pink.png */ = {isa = PBXFileReference; lastKnownFileType = image.png; path = Pink.png; sourceTree = "<group>"; };
		47D2C81D29781EE100DC3526 /* Blue Dark.png */ = {isa = PBXFileReference; lastKnownFileType = image.png; path = "Blue Dark.png"; sourceTree = "<group>"; };
		47D2C81E29781EE100DC3526 /* Blue.png */ = {isa = PBXFileReference; lastKnownFileType = image.png; path = Blue.png; sourceTree = "<group>"; };
		47D2C81F29781EE100DC3526 /* Pink Dark.png */ = {isa = PBXFileReference; lastKnownFileType = image.png; path = "Pink Dark.png"; sourceTree = "<group>"; };
		47D2C82B297820D800DC3526 /* ThemeModel.swift */ = {isa = PBXFileReference; lastKnownFileType = sourcecode.swift; path = ThemeModel.swift; sourceTree = "<group>"; };
		47D2C82D2978211000DC3526 /* ThemeData.swift */ = {isa = PBXFileReference; lastKnownFileType = sourcecode.swift; path = ThemeData.swift; sourceTree = "<group>"; };
		47D2C82F2978214A00DC3526 /* ThemeSettings.swift */ = {isa = PBXFileReference; lastKnownFileType = sourcecode.swift; path = ThemeSettings.swift; sourceTree = "<group>"; };
		47D7BCB82977035800950678 /* EmptyListView.swift */ = {isa = PBXFileReference; lastKnownFileType = sourcecode.swift; path = EmptyListView.swift; sourceTree = "<group>"; };
		47D7BCBA29770FA800950678 /* SettingsView.swift */ = {isa = PBXFileReference; lastKnownFileType = sourcecode.swift; path = SettingsView.swift; sourceTree = "<group>"; };
		47D7BCBC2977111E00950678 /* FormRowStaticView.swift */ = {isa = PBXFileReference; lastKnownFileType = sourcecode.swift; path = FormRowStaticView.swift; sourceTree = "<group>"; };
		47D7BCBE2977127D00950678 /* FormRowLinkView.swift */ = {isa = PBXFileReference; lastKnownFileType = sourcecode.swift; path = FormRowLinkView.swift; sourceTree = "<group>"; };
/* End PBXFileReference section */

/* Begin PBXFrameworksBuildPhase section */
		478AA21F2975B58200679BCE /* Frameworks */ = {
			isa = PBXFrameworksBuildPhase;
			buildActionMask = 2147483647;
			files = (
			);
			runOnlyForDeploymentPostprocessing = 0;
		};
/* End PBXFrameworksBuildPhase section */

/* Begin PBXGroup section */
		478AA2192975B58200679BCE = {
			isa = PBXGroup;
			children = (
				478AA2242975B58200679BCE /* Todo */,
				478AA2232975B58200679BCE /* Products */,
			);
			sourceTree = "<group>";
		};
		478AA2232975B58200679BCE /* Products */ = {
			isa = PBXGroup;
			children = (
				478AA2222975B58200679BCE /* Todo.app */,
			);
			name = Products;
			sourceTree = "<group>";
		};
		478AA2242975B58200679BCE /* Todo */ = {
			isa = PBXGroup;
			children = (
				47D2C82A297820C800DC3526 /* Theme */,
				47D2C81529781EC800DC3526 /* Icons */,
				478AA2382975B5E200679BCE /* Info.plist */,
				478AA2252975B58200679BCE /* TodoApp.swift */,
				478AA2392975B64300679BCE /* View */,
				478AA2292975B58300679BCE /* Assets.xcassets */,
				478AA22E2975B58300679BCE /* Persistence.swift */,
				478AA2302975B58300679BCE /* Todo.xcdatamodeld */,
				478AA22B2975B58300679BCE /* Preview Content */,
			);
			path = Todo;
			sourceTree = "<group>";
		};
		478AA22B2975B58300679BCE /* Preview Content */ = {
			isa = PBXGroup;
			children = (
				478AA22C2975B58300679BCE /* Preview Assets.xcassets */,
			);
			path = "Preview Content";
			sourceTree = "<group>";
		};
		478AA2392975B64300679BCE /* View */ = {
			isa = PBXGroup;
			children = (
				478AA2272975B58200679BCE /* ContentView.swift */,
				478AA23A2975B66600679BCE /* AddTodoView.swift */,
				47D7BCB82977035800950678 /* EmptyListView.swift */,
				47D7BCBA29770FA800950678 /* SettingsView.swift */,
				47D7BCBC2977111E00950678 /* FormRowStaticView.swift */,
				47D7BCBE2977127D00950678 /* FormRowLinkView.swift */,
			);
			path = View;
			sourceTree = "<group>";
		};
		47D2C81529781EC800DC3526 /* Icons */ = {
			isa = PBXGroup;
			children = (
				47D2C81D29781EE100DC3526 /* Blue Dark.png */,
				47D2C81729781EE100DC3526 /* Blue Light.png */,
				47D2C81E29781EE100DC3526 /* Blue.png */,
				47D2C81929781EE100DC3526 /* Green Dark.png */,
				47D2C81B29781EE100DC3526 /* Green Light.png */,
				47D2C81829781EE100DC3526 /* Green.png */,
				47D2C81629781EE100DC3526 /* Icons.sketch */,
				47D2C81F29781EE100DC3526 /* Pink Dark.png */,
				47D2C81A29781EE100DC3526 /* Pink Light.png */,
				47D2C81C29781EE100DC3526 /* Pink.png */,
			);
			path = Icons;
			sourceTree = "<group>";
		};
		47D2C82A297820C800DC3526 /* Theme */ = {
			isa = PBXGroup;
			children = (
				47D2C82B297820D800DC3526 /* ThemeModel.swift */,
				47D2C82D2978211000DC3526 /* ThemeData.swift */,
				47D2C82F2978214A00DC3526 /* ThemeSettings.swift */,
			);
			path = Theme;
			sourceTree = "<group>";
		};
/* End PBXGroup section */

/* Begin PBXNativeTarget section */
		478AA2212975B58200679BCE /* Todo */ = {
			isa = PBXNativeTarget;
			buildConfigurationList = 478AA2352975B58300679BCE /* Build configuration list for PBXNativeTarget "Todo" */;
			buildPhases = (
				478AA21E2975B58200679BCE /* Sources */,
				478AA21F2975B58200679BCE /* Frameworks */,
				478AA2202975B58200679BCE /* Resources */,
			);
			buildRules = (
			);
			dependencies = (
			);
			name = Todo;
			productName = Todo;
			productReference = 478AA2222975B58200679BCE /* Todo.app */;
			productType = "com.apple.product-type.application";
		};
/* End PBXNativeTarget section */

/* Begin PBXProject section */
		478AA21A2975B58200679BCE /* Project object */ = {
			isa = PBXProject;
			attributes = {
				BuildIndependentTargetsInParallel = 1;
				LastSwiftUpdateCheck = 1420;
				LastUpgradeCheck = 1420;
				TargetAttributes = {
					478AA2212975B58200679BCE = {
						CreatedOnToolsVersion = 14.2;
					};
				};
			};
			buildConfigurationList = 478AA21D2975B58200679BCE /* Build configuration list for PBXProject "Todo" */;
			compatibilityVersion = "Xcode 14.0";
			developmentRegion = en;
			hasScannedForEncodings = 0;
			knownRegions = (
				en,
				Base,
			);
			mainGroup = 478AA2192975B58200679BCE;
			productRefGroup = 478AA2232975B58200679BCE /* Products */;
			projectDirPath = "";
			projectRoot = "";
			targets = (
				478AA2212975B58200679BCE /* Todo */,
			);
		};
/* End PBXProject section */

/* Begin PBXResourcesBuildPhase section */
		478AA2202975B58200679BCE /* Resources */ = {
			isa = PBXResourcesBuildPhase;
			buildActionMask = 2147483647;
			files = (
				47D2C82929781EE100DC3526 /* Pink Dark.png in Resources */,
				47D2C82629781EE100DC3526 /* Pink.png in Resources */,
				47D2C82329781EE100DC3526 /* Green Dark.png in Resources */,
				478AA22D2975B58300679BCE /* Preview Assets.xcassets in Resources */,
				47D2C82129781EE100DC3526 /* Blue Light.png in Resources */,
				47D2C82729781EE100DC3526 /* Blue Dark.png in Resources */,
				47D2C82529781EE100DC3526 /* Green Light.png in Resources */,
				47D2C82029781EE100DC3526 /* Icons.sketch in Resources */,
				478AA22A2975B58300679BCE /* Assets.xcassets in Resources */,
				47D2C82229781EE100DC3526 /* Green.png in Resources */,
				47D2C82829781EE100DC3526 /* Blue.png in Resources */,
				47D2C82429781EE100DC3526 /* Pink Light.png in Resources */,
			);
			runOnlyForDeploymentPostprocessing = 0;
		};
/* End PBXResourcesBuildPhase section */

/* Begin PBXSourcesBuildPhase section */
		478AA21E2975B58200679BCE /* Sources */ = {
			isa = PBXSourcesBuildPhase;
			buildActionMask = 2147483647;
			files = (
				47D7BCBB29770FA800950678 /* SettingsView.swift in Sources */,
				47D7BCBD2977111E00950678 /* FormRowStaticView.swift in Sources */,
				47D7BCBF2977127D00950678 /* FormRowLinkView.swift in Sources */,
				47D2C82E2978211000DC3526 /* ThemeData.swift in Sources */,
				478AA22F2975B58300679BCE /* Persistence.swift in Sources */,
				478AA2282975B58200679BCE /* ContentView.swift in Sources */,
				47D2C8302978214A00DC3526 /* ThemeSettings.swift in Sources */,
				47D7BCB92977035800950678 /* EmptyListView.swift in Sources */,
				478AA2262975B58200679BCE /* TodoApp.swift in Sources */,
				47D2C82C297820D800DC3526 /* ThemeModel.swift in Sources */,
				478AA2322975B58300679BCE /* Todo.xcdatamodeld in Sources */,
				478AA23B2975B66600679BCE /* AddTodoView.swift in Sources */,
			);
			runOnlyForDeploymentPostprocessing = 0;
		};
/* End PBXSourcesBuildPhase section */

/* Begin XCBuildConfiguration section */
		478AA2332975B58300679BCE /* Debug */ = {
			isa = XCBuildConfiguration;
			buildSettings = {
				ALWAYS_SEARCH_USER_PATHS = NO;
				CLANG_ANALYZER_NONNULL = YES;
				CLANG_ANALYZER_NUMBER_OBJECT_CONVERSION = YES_AGGRESSIVE;
				CLANG_CXX_LANGUAGE_STANDARD = "gnu++20";
				CLANG_ENABLE_MODULES = YES;
				CLANG_ENABLE_OBJC_ARC = YES;
				CLANG_ENABLE_OBJC_WEAK = YES;
				CLANG_WARN_BLOCK_CAPTURE_AUTORELEASING = YES;
				CLANG_WARN_BOOL_CONVERSION = YES;
				CLANG_WARN_COMMA = YES;
				CLANG_WARN_CONSTANT_CONVERSION = YES;
				CLANG_WARN_DEPRECATED_OBJC_IMPLEMENTATIONS = YES;
				CLANG_WARN_DIRECT_OBJC_ISA_USAGE = YES_ERROR;
				CLANG_WARN_DOCUMENTATION_COMMENTS = YES;
				CLANG_WARN_EMPTY_BODY = YES;
				CLANG_WARN_ENUM_CONVERSION = YES;
				CLANG_WARN_INFINITE_RECURSION = YES;
				CLANG_WARN_INT_CONVERSION = YES;
				CLANG_WARN_NON_LITERAL_NULL_CONVERSION = YES;
				CLANG_WARN_OBJC_IMPLICIT_RETAIN_SELF = YES;
				CLANG_WARN_OBJC_LITERAL_CONVERSION = YES;
				CLANG_WARN_OBJC_ROOT_CLASS = YES_ERROR;
				CLANG_WARN_QUOTED_INCLUDE_IN_FRAMEWORK_HEADER = YES;
				CLANG_WARN_RANGE_LOOP_ANALYSIS = YES;
				CLANG_WARN_STRICT_PROTOTYPES = YES;
				CLANG_WARN_SUSPICIOUS_MOVE = YES;
				CLANG_WARN_UNGUARDED_AVAILABILITY = YES_AGGRESSIVE;
				CLANG_WARN_UNREACHABLE_CODE = YES;
				CLANG_WARN__DUPLICATE_METHOD_MATCH = YES;
				COPY_PHASE_STRIP = NO;
				DEBUG_INFORMATION_FORMAT = dwarf;
				ENABLE_STRICT_OBJC_MSGSEND = YES;
				ENABLE_TESTABILITY = YES;
				GCC_C_LANGUAGE_STANDARD = gnu11;
				GCC_DYNAMIC_NO_PIC = NO;
				GCC_NO_COMMON_BLOCKS = YES;
				GCC_OPTIMIZATION_LEVEL = 0;
				GCC_PREPROCESSOR_DEFINITIONS = (
					"DEBUG=1",
					"$(inherited)",
				);
				GCC_WARN_64_TO_32_BIT_CONVERSION = YES;
				GCC_WARN_ABOUT_RETURN_TYPE = YES_ERROR;
				GCC_WARN_UNDECLARED_SELECTOR = YES;
				GCC_WARN_UNINITIALIZED_AUTOS = YES_AGGRESSIVE;
				GCC_WARN_UNUSED_FUNCTION = YES;
				GCC_WARN_UNUSED_VARIABLE = YES;
				IPHONEOS_DEPLOYMENT_TARGET = 16.2;
				MTL_ENABLE_DEBUG_INFO = INCLUDE_SOURCE;
				MTL_FAST_MATH = YES;
				ONLY_ACTIVE_ARCH = YES;
				SDKROOT = iphoneos;
				SWIFT_ACTIVE_COMPILATION_CONDITIONS = DEBUG;
				SWIFT_OPTIMIZATION_LEVEL = "-Onone";
			};
			name = Debug;
		};
		478AA2342975B58300679BCE /* Release */ = {
			isa = XCBuildConfiguration;
			buildSettings = {
				ALWAYS_SEARCH_USER_PATHS = NO;
				CLANG_ANALYZER_NONNULL = YES;
				CLANG_ANALYZER_NUMBER_OBJECT_CONVERSION = YES_AGGRESSIVE;
				CLANG_CXX_LANGUAGE_STANDARD = "gnu++20";
				CLANG_ENABLE_MODULES = YES;
				CLANG_ENABLE_OBJC_ARC = YES;
				CLANG_ENABLE_OBJC_WEAK = YES;
				CLANG_WARN_BLOCK_CAPTURE_AUTORELEASING = YES;
				CLANG_WARN_BOOL_CONVERSION = YES;
				CLANG_WARN_COMMA = YES;
				CLANG_WARN_CONSTANT_CONVERSION = YES;
				CLANG_WARN_DEPRECATED_OBJC_IMPLEMENTATIONS = YES;
				CLANG_WARN_DIRECT_OBJC_ISA_USAGE = YES_ERROR;
				CLANG_WARN_DOCUMENTATION_COMMENTS = YES;
				CLANG_WARN_EMPTY_BODY = YES;
				CLANG_WARN_ENUM_CONVERSION = YES;
				CLANG_WARN_INFINITE_RECURSION = YES;
				CLANG_WARN_INT_CONVERSION = YES;
				CLANG_WARN_NON_LITERAL_NULL_CONVERSION = YES;
				CLANG_WARN_OBJC_IMPLICIT_RETAIN_SELF = YES;
				CLANG_WARN_OBJC_LITERAL_CONVERSION = YES;
				CLANG_WARN_OBJC_ROOT_CLASS = YES_ERROR;
				CLANG_WARN_QUOTED_INCLUDE_IN_FRAMEWORK_HEADER = YES;
				CLANG_WARN_RANGE_LOOP_ANALYSIS = YES;
				CLANG_WARN_STRICT_PROTOTYPES = YES;
				CLANG_WARN_SUSPICIOUS_MOVE = YES;
				CLANG_WARN_UNGUARDED_AVAILABILITY = YES_AGGRESSIVE;
				CLANG_WARN_UNREACHABLE_CODE = YES;
				CLANG_WARN__DUPLICATE_METHOD_MATCH = YES;
				COPY_PHASE_STRIP = NO;
				DEBUG_INFORMATION_FORMAT = "dwarf-with-dsym";
				ENABLE_NS_ASSERTIONS = NO;
				ENABLE_STRICT_OBJC_MSGSEND = YES;
				GCC_C_LANGUAGE_STANDARD = gnu11;
				GCC_NO_COMMON_BLOCKS = YES;
				GCC_WARN_64_TO_32_BIT_CONVERSION = YES;
				GCC_WARN_ABOUT_RETURN_TYPE = YES_ERROR;
				GCC_WARN_UNDECLARED_SELECTOR = YES;
				GCC_WARN_UNINITIALIZED_AUTOS = YES_AGGRESSIVE;
				GCC_WARN_UNUSED_FUNCTION = YES;
				GCC_WARN_UNUSED_VARIABLE = YES;
				IPHONEOS_DEPLOYMENT_TARGET = 16.2;
				MTL_ENABLE_DEBUG_INFO = NO;
				MTL_FAST_MATH = YES;
				SDKROOT = iphoneos;
				SWIFT_COMPILATION_MODE = wholemodule;
				SWIFT_OPTIMIZATION_LEVEL = "-O";
				VALIDATE_PRODUCT = YES;
			};
			name = Release;
		};
		478AA2362975B58300679BCE /* Debug */ = {
			isa = XCBuildConfiguration;
			buildSettings = {
				ASSETCATALOG_COMPILER_APPICON_NAME = AppIcon;
				ASSETCATALOG_COMPILER_GLOBAL_ACCENT_COLOR_NAME = AccentColor;
				CODE_SIGN_STYLE = Automatic;
				CURRENT_PROJECT_VERSION = 1;
				DEVELOPMENT_ASSET_PATHS = "\"Todo/Preview Content\"";
				DEVELOPMENT_TEAM = 498AB5R6B6;
				ENABLE_PREVIEWS = YES;
				GENERATE_INFOPLIST_FILE = YES;
				INFOPLIST_FILE = Todo/Info.plist;
				INFOPLIST_KEY_UIApplicationSceneManifest_Generation = YES;
				INFOPLIST_KEY_UIApplicationSupportsIndirectInputEvents = YES;
				INFOPLIST_KEY_UISupportedInterfaceOrientations_iPad = "UIInterfaceOrientationPortrait UIInterfaceOrientationPortraitUpsideDown UIInterfaceOrientationLandscapeLeft UIInterfaceOrientationLandscapeRight";
				INFOPLIST_KEY_UISupportedInterfaceOrientations_iPhone = "UIInterfaceOrientationPortrait UIInterfaceOrientationLandscapeLeft UIInterfaceOrientationLandscapeRight";
				LD_RUNPATH_SEARCH_PATHS = (
					"$(inherited)",
					"@executable_path/Frameworks",
				);
				MARKETING_VERSION = 1.0;
				PRODUCT_BUNDLE_IDENTIFIER = com.ming.Todo;
				PRODUCT_NAME = "$(TARGET_NAME)";
				SWIFT_EMIT_LOC_STRINGS = YES;
				SWIFT_VERSION = 5.0;
				TARGETED_DEVICE_FAMILY = "1,2";
			};
			name = Debug;
		};
		478AA2372975B58300679BCE /* Release */ = {
			isa = XCBuildConfiguration;
			buildSettings = {
				ASSETCATALOG_COMPILER_APPICON_NAME = AppIcon;
				ASSETCATALOG_COMPILER_GLOBAL_ACCENT_COLOR_NAME = AccentColor;
				CODE_SIGN_STYLE = Automatic;
				CURRENT_PROJECT_VERSION = 1;
				DEVELOPMENT_ASSET_PATHS = "\"Todo/Preview Content\"";
				DEVELOPMENT_TEAM = 498AB5R6B6;
				ENABLE_PREVIEWS = YES;
				GENERATE_INFOPLIST_FILE = YES;
				INFOPLIST_FILE = Todo/Info.plist;
				INFOPLIST_KEY_UIApplicationSceneManifest_Generation = YES;
				INFOPLIST_KEY_UIApplicationSupportsIndirectInputEvents = YES;
				INFOPLIST_KEY_UISupportedInterfaceOrientations_iPad = "UIInterfaceOrientationPortrait UIInterfaceOrientationPortraitUpsideDown UIInterfaceOrientationLandscapeLeft UIInterfaceOrientationLandscapeRight";
				INFOPLIST_KEY_UISupportedInterfaceOrientations_iPhone = "UIInterfaceOrientationPortrait UIInterfaceOrientationLandscapeLeft UIInterfaceOrientationLandscapeRight";
				LD_RUNPATH_SEARCH_PATHS = (
					"$(inherited)",
					"@executable_path/Frameworks",
				);
				MARKETING_VERSION = 1.0;
				PRODUCT_BUNDLE_IDENTIFIER = com.ming.Todo;
				PRODUCT_NAME = "$(TARGET_NAME)";
				SWIFT_EMIT_LOC_STRINGS = YES;
				SWIFT_VERSION = 5.0;
				TARGETED_DEVICE_FAMILY = "1,2";
			};
			name = Release;
		};
/* End XCBuildConfiguration section */

/* Begin XCConfigurationList section */
		478AA21D2975B58200679BCE /* Build configuration list for PBXProject "Todo" */ = {
			isa = XCConfigurationList;
			buildConfigurations = (
				478AA2332975B58300679BCE /* Debug */,
				478AA2342975B58300679BCE /* Release */,
			);
			defaultConfigurationIsVisible = 0;
			defaultConfigurationName = Release;
		};
		478AA2352975B58300679BCE /* Build configuration list for PBXNativeTarget "Todo" */ = {
			isa = XCConfigurationList;
			buildConfigurations = (
				478AA2362975B58300679BCE /* Debug */,
				478AA2372975B58300679BCE /* Release */,
			);
			defaultConfigurationIsVisible = 0;
			defaultConfigurationName = Release;
		};
/* End XCConfigurationList section */

/* Begin XCVersionGroup section */
		478AA2302975B58300679BCE /* Todo.xcdatamodeld */ = {
			isa = XCVersionGroup;
			children = (
				478AA2312975B58300679BCE /* Todo.xcdatamodel */,
			);
			currentVersion = 478AA2312975B58300679BCE /* Todo.xcdatamodel */;
			path = Todo.xcdatamodeld;
			sourceTree = "<group>";
			versionGroupType = wrapper.xcdatamodel;
		};
/* End XCVersionGroup section */
	};
	rootObject = 478AA21A2975B58200679BCE /* Project object */;
}
